// !$*UTF8*$!
{
	archiveVersion = 1;
	classes = {
	};
	objectVersion = 50;
	objects = {

/* Begin PBXBuildFile section */
		8924910D26B2B930002DF98C /* AV.swift in Sources */ = {isa = PBXBuildFile; fileRef = 8924910C26B2B930002DF98C /* AV.swift */; };
		8947235D26ACBCA200510952 /* DailyScrum.swift in Sources */ = {isa = PBXBuildFile; fileRef = 8947235C26ACBCA200510952 /* DailyScrum.swift */; };
		8947236026ACBF7900510952 /* CardView.swift in Sources */ = {isa = PBXBuildFile; fileRef = 8947235F26ACBF7900510952 /* CardView.swift */; };
		8947236226ACC37000510952 /* ScrumsView.swift in Sources */ = {isa = PBXBuildFile; fileRef = 8947236126ACC37000510952 /* ScrumsView.swift */; };
		8947236426ACCBCA00510952 /* DetailView.swift in Sources */ = {isa = PBXBuildFile; fileRef = 8947236326ACCBCA00510952 /* DetailView.swift */; };
		8947236626ACD4E300510952 /* EditView.swift in Sources */ = {isa = PBXBuildFile; fileRef = 8947236526ACD4E300510952 /* EditView.swift */; };
		89B8794B26B29FA700A9505A /* MeetingHeaderView.swift in Sources */ = {isa = PBXBuildFile; fileRef = 89B8794A26B29FA700A9505A /* MeetingHeaderView.swift */; };
		89B8794D26B2A52A00A9505A /* ScrumTimer.swift in Sources */ = {isa = PBXBuildFile; fileRef = 89B8794C26B2A52A00A9505A /* ScrumTimer.swift */; };
		89B8794F26B2A7A100A9505A /* MeetingFooterView.swift in Sources */ = {isa = PBXBuildFile; fileRef = 89B8794E26B2A7A100A9505A /* MeetingFooterView.swift */; };
		89F09C4B26ACB384004B6F0D /* ScrumDingerApp.swift in Sources */ = {isa = PBXBuildFile; fileRef = 89F09C4A26ACB384004B6F0D /* ScrumDingerApp.swift */; };
		89F09C4D26ACB384004B6F0D /* MeetingView.swift in Sources */ = {isa = PBXBuildFile; fileRef = 89F09C4C26ACB384004B6F0D /* MeetingView.swift */; };
		89F09C4F26ACB385004B6F0D /* Assets.xcassets in Resources */ = {isa = PBXBuildFile; fileRef = 89F09C4E26ACB385004B6F0D /* Assets.xcassets */; };
		89F09C5226ACB385004B6F0D /* Preview Assets.xcassets in Resources */ = {isa = PBXBuildFile; fileRef = 89F09C5126ACB385004B6F0D /* Preview Assets.xcassets */; };
/* End PBXBuildFile section */

/* Begin PBXFileReference section */
		8924910C26B2B930002DF98C /* AV.swift */ = {isa = PBXFileReference; lastKnownFileType = sourcecode.swift; path = AV.swift; sourceTree = "<group>"; };
		8947235C26ACBCA200510952 /* DailyScrum.swift */ = {isa = PBXFileReference; lastKnownFileType = sourcecode.swift; path = DailyScrum.swift; sourceTree = "<group>"; };
		8947235F26ACBF7900510952 /* CardView.swift */ = {isa = PBXFileReference; lastKnownFileType = sourcecode.swift; path = CardView.swift; sourceTree = "<group>"; };
		8947236126ACC37000510952 /* ScrumsView.swift */ = {isa = PBXFileReference; lastKnownFileType = sourcecode.swift; path = ScrumsView.swift; sourceTree = "<group>"; };
		8947236326ACCBCA00510952 /* DetailView.swift */ = {isa = PBXFileReference; lastKnownFileType = sourcecode.swift; path = DetailView.swift; sourceTree = "<group>"; };
		8947236526ACD4E300510952 /* EditView.swift */ = {isa = PBXFileReference; lastKnownFileType = sourcecode.swift; path = EditView.swift; sourceTree = "<group>"; };
		89B8794A26B29FA700A9505A /* MeetingHeaderView.swift */ = {isa = PBXFileReference; lastKnownFileType = sourcecode.swift; path = MeetingHeaderView.swift; sourceTree = "<group>"; };
		89B8794C26B2A52A00A9505A /* ScrumTimer.swift */ = {isa = PBXFileReference; lastKnownFileType = sourcecode.swift; name = ScrumTimer.swift; path = ScrumDinger/View/ScrumTimer.swift; sourceTree = SOURCE_ROOT; };
		89B8794E26B2A7A100A9505A /* MeetingFooterView.swift */ = {isa = PBXFileReference; lastKnownFileType = sourcecode.swift; path = MeetingFooterView.swift; sourceTree = "<group>"; };
		89F09C4726ACB384004B6F0D /* ScrumDinger.app */ = {isa = PBXFileReference; explicitFileType = wrapper.application; includeInIndex = 0; path = ScrumDinger.app; sourceTree = BUILT_PRODUCTS_DIR; };
		89F09C4A26ACB384004B6F0D /* ScrumDingerApp.swift */ = {isa = PBXFileReference; lastKnownFileType = sourcecode.swift; path = ScrumDingerApp.swift; sourceTree = "<group>"; };
		89F09C4C26ACB384004B6F0D /* MeetingView.swift */ = {isa = PBXFileReference; lastKnownFileType = sourcecode.swift; path = MeetingView.swift; sourceTree = "<group>"; };
		89F09C4E26ACB385004B6F0D /* Assets.xcassets */ = {isa = PBXFileReference; lastKnownFileType = folder.assetcatalog; path = Assets.xcassets; sourceTree = "<group>"; };
		89F09C5126ACB385004B6F0D /* Preview Assets.xcassets */ = {isa = PBXFileReference; lastKnownFileType = folder.assetcatalog; path = "Preview Assets.xcassets"; sourceTree = "<group>"; };
		89F09C5326ACB385004B6F0D /* Info.plist */ = {isa = PBXFileReference; lastKnownFileType = text.plist.xml; path = Info.plist; sourceTree = "<group>"; };
/* End PBXFileReference section */

/* Begin PBXFrameworksBuildPhase section */
		89F09C4426ACB384004B6F0D /* Frameworks */ = {
			isa = PBXFrameworksBuildPhase;
			buildActionMask = 2147483647;
			files = (
			);
			runOnlyForDeploymentPostprocessing = 0;
		};
/* End PBXFrameworksBuildPhase section */

/* Begin PBXGroup section */
		8947235E26ACBCA900510952 /* Models */ = {
			isa = PBXGroup;
			children = (
				8924910C26B2B930002DF98C /* AV.swift */,
				89B8794C26B2A52A00A9505A /* ScrumTimer.swift */,
				8947235C26ACBCA200510952 /* DailyScrum.swift */,
			);
			path = Models;
			sourceTree = "<group>";
		};
		8947236726ACDC9600510952 /* View */ = {
			isa = PBXGroup;
			children = (
				8947236126ACC37000510952 /* ScrumsView.swift */,
				89F09C4C26ACB384004B6F0D /* MeetingView.swift */,
				89B8794E26B2A7A100A9505A /* MeetingFooterView.swift */,
				8947235F26ACBF7900510952 /* CardView.swift */,
				8947236326ACCBCA00510952 /* DetailView.swift */,
				89B8794A26B29FA700A9505A /* MeetingHeaderView.swift */,
				8947236526ACD4E300510952 /* EditView.swift */,
			);
			path = View;
			sourceTree = "<group>";
		};
		89F09C3E26ACB383004B6F0D = {
			isa = PBXGroup;
			children = (
				89F09C4926ACB384004B6F0D /* ScrumDinger */,
				89F09C4826ACB384004B6F0D /* Products */,
			);
			sourceTree = "<group>";
		};
		89F09C4826ACB384004B6F0D /* Products */ = {
			isa = PBXGroup;
			children = (
				89F09C4726ACB384004B6F0D /* ScrumDinger.app */,
			);
			name = Products;
			sourceTree = "<group>";
		};
		89F09C4926ACB384004B6F0D /* ScrumDinger */ = {
			isa = PBXGroup;
			children = (
				89F09C4A26ACB384004B6F0D /* ScrumDingerApp.swift */,
				8947235E26ACBCA900510952 /* Models */,
				8947236726ACDC9600510952 /* View */,
				89F09C4E26ACB385004B6F0D /* Assets.xcassets */,
				89F09C5326ACB385004B6F0D /* Info.plist */,
				89F09C5026ACB385004B6F0D /* Preview Content */,
			);
			path = ScrumDinger;
			sourceTree = "<group>";
		};
		89F09C5026ACB385004B6F0D /* Preview Content */ = {
			isa = PBXGroup;
			children = (
				89F09C5126ACB385004B6F0D /* Preview Assets.xcassets */,
			);
			path = "Preview Content";
			sourceTree = "<group>";
		};
/* End PBXGroup section */

/* Begin PBXNativeTarget section */
		89F09C4626ACB384004B6F0D /* ScrumDinger */ = {
			isa = PBXNativeTarget;
			buildConfigurationList = 89F09C5626ACB385004B6F0D /* Build configuration list for PBXNativeTarget "ScrumDinger" */;
			buildPhases = (
				89F09C4326ACB384004B6F0D /* Sources */,
				89F09C4426ACB384004B6F0D /* Frameworks */,
				89F09C4526ACB384004B6F0D /* Resources */,
			);
			buildRules = (
			);
			dependencies = (
			);
			name = ScrumDinger;
			productName = ScrumDinger;
			productReference = 89F09C4726ACB384004B6F0D /* ScrumDinger.app */;
			productType = "com.apple.product-type.application";
		};
/* End PBXNativeTarget section */

/* Begin PBXProject section */
		89F09C3F26ACB383004B6F0D /* Project object */ = {
			isa = PBXProject;
			attributes = {
				LastSwiftUpdateCheck = 1250;
				LastUpgradeCheck = 1250;
				TargetAttributes = {
					89F09C4626ACB384004B6F0D = {
						CreatedOnToolsVersion = 12.5.1;
					};
				};
			};
			buildConfigurationList = 89F09C4226ACB383004B6F0D /* Build configuration list for PBXProject "ScrumDinger" */;
			compatibilityVersion = "Xcode 9.3";
			developmentRegion = en;
			hasScannedForEncodings = 0;
			knownRegions = (
				en,
				Base,
			);
			mainGroup = 89F09C3E26ACB383004B6F0D;
			productRefGroup = 89F09C4826ACB384004B6F0D /* Products */;
			projectDirPath = "";
			projectRoot = "";
			targets = (
				89F09C4626ACB384004B6F0D /* ScrumDinger */,
			);
		};
/* End PBXProject section */

/* Begin PBXResourcesBuildPhase section */
		89F09C4526ACB384004B6F0D /* Resources */ = {
			isa = PBXResourcesBuildPhase;
			buildActionMask = 2147483647;
			files = (
				89F09C5226ACB385004B6F0D /* Preview Assets.xcassets in Resources */,
				89F09C4F26ACB385004B6F0D /* Assets.xcassets in Resources */,
			);
			runOnlyForDeploymentPostprocessing = 0;
		};
/* End PBXResourcesBuildPhase section */

/* Begin PBXSourcesBuildPhase section */
		89F09C4326ACB384004B6F0D /* Sources */ = {
			isa = PBXSourcesBuildPhase;
			buildActionMask = 2147483647;
			files = (
				89F09C4D26ACB384004B6F0D /* MeetingView.swift in Sources */,
				8947236426ACCBCA00510952 /* DetailView.swift in Sources */,
				8947235D26ACBCA200510952 /* DailyScrum.swift in Sources */,
				8947236026ACBF7900510952 /* CardView.swift in Sources */,
				8947236626ACD4E300510952 /* EditView.swift in Sources */,
				8947236226ACC37000510952 /* ScrumsView.swift in Sources */,
				8924910D26B2B930002DF98C /* AV.swift in Sources */,
				89F09C4B26ACB384004B6F0D /* ScrumDingerApp.swift in Sources */,
				89B8794F26B2A7A100A9505A /* MeetingFooterView.swift in Sources */,
				89B8794D26B2A52A00A9505A /* ScrumTimer.swift in Sources */,
				89B8794B26B29FA700A9505A /* MeetingHeaderView.swift in Sources */,
			);
			runOnlyForDeploymentPostprocessing = 0;
		};
/* End PBXSourcesBuildPhase section */

/* Begin XCBuildConfiguration section */
		89F09C5426ACB385004B6F0D /* Debug */ = {
			isa = XCBuildConfiguration;
			buildSettings = {
				ALWAYS_SEARCH_USER_PATHS = NO;
				CLANG_ANALYZER_NONNULL = YES;
				CLANG_ANALYZER_NUMBER_OBJECT_CONVERSION = YES_AGGRESSIVE;
				CLANG_CXX_LANGUAGE_STANDARD = "gnu++14";
				CLANG_CXX_LIBRARY = "libc++";
				CLANG_ENABLE_MODULES = YES;
				CLANG_ENABLE_OBJC_ARC = YES;
				CLANG_ENABLE_OBJC_WEAK = YES;
				CLANG_WARN_BLOCK_CAPTURE_AUTORELEASING = YES;
				CLANG_WARN_BOOL_CONVERSION = YES;
				CLANG_WARN_COMMA = YES;
				CLANG_WARN_CONSTANT_CONVERSION = YES;
				CLANG_WARN_DEPRECATED_OBJC_IMPLEMENTATIONS = YES;
				CLANG_WARN_DIRECT_OBJC_ISA_USAGE = YES_ERROR;
				CLANG_WARN_DOCUMENTATION_COMMENTS = YES;
				CLANG_WARN_EMPTY_BODY = YES;
				CLANG_WARN_ENUM_CONVERSION = YES;
				CLANG_WARN_INFINITE_RECURSION = YES;
				CLANG_WARN_INT_CONVERSION = YES;
				CLANG_WARN_NON_LITERAL_NULL_CONVERSION = YES;
				CLANG_WARN_OBJC_IMPLICIT_RETAIN_SELF = YES;
				CLANG_WARN_OBJC_LITERAL_CONVERSION = YES;
				CLANG_WARN_OBJC_ROOT_CLASS = YES_ERROR;
				CLANG_WARN_QUOTED_INCLUDE_IN_FRAMEWORK_HEADER = YES;
				CLANG_WARN_RANGE_LOOP_ANALYSIS = YES;
				CLANG_WARN_STRICT_PROTOTYPES = YES;
				CLANG_WARN_SUSPICIOUS_MOVE = YES;
				CLANG_WARN_UNGUARDED_AVAILABILITY = YES_AGGRESSIVE;
				CLANG_WARN_UNREACHABLE_CODE = YES;
				CLANG_WARN__DUPLICATE_METHOD_MATCH = YES;
				COPY_PHASE_STRIP = NO;
				DEBUG_INFORMATION_FORMAT = dwarf;
				ENABLE_STRICT_OBJC_MSGSEND = YES;
				ENABLE_TESTABILITY = YES;
				GCC_C_LANGUAGE_STANDARD = gnu11;
				GCC_DYNAMIC_NO_PIC = NO;
				GCC_NO_COMMON_BLOCKS = YES;
				GCC_OPTIMIZATION_LEVEL = 0;
				GCC_PREPROCESSOR_DEFINITIONS = (
					"DEBUG=1",
					"$(inherited)",
				);
				GCC_WARN_64_TO_32_BIT_CONVERSION = YES;
				GCC_WARN_ABOUT_RETURN_TYPE = YES_ERROR;
				GCC_WARN_UNDECLARED_SELECTOR = YES;
				GCC_WARN_UNINITIALIZED_AUTOS = YES_AGGRESSIVE;
				GCC_WARN_UNUSED_FUNCTION = YES;
				GCC_WARN_UNUSED_VARIABLE = YES;
				IPHONEOS_DEPLOYMENT_TARGET = 14.5;
				MTL_ENABLE_DEBUG_INFO = INCLUDE_SOURCE;
				MTL_FAST_MATH = YES;
				ONLY_ACTIVE_ARCH = YES;
				SDKROOT = iphoneos;
				SWIFT_ACTIVE_COMPILATION_CONDITIONS = DEBUG;
				SWIFT_OPTIMIZATION_LEVEL = "-Onone";
			};
			name = Debug;
		};
		89F09C5526ACB385004B6F0D /* Release */ = {
			isa = XCBuildConfiguration;
			buildSettings = {
				ALWAYS_SEARCH_USER_PATHS = NO;
				CLANG_ANALYZER_NONNULL = YES;
				CLANG_ANALYZER_NUMBER_OBJECT_CONVERSION = YES_AGGRESSIVE;
				CLANG_CXX_LANGUAGE_STANDARD = "gnu++14";
				CLANG_CXX_LIBRARY = "libc++";
				CLANG_ENABLE_MODULES = YES;
				CLANG_ENABLE_OBJC_ARC = YES;
				CLANG_ENABLE_OBJC_WEAK = YES;
				CLANG_WARN_BLOCK_CAPTURE_AUTORELEASING = YES;
				CLANG_WARN_BOOL_CONVERSION = YES;
				CLANG_WARN_COMMA = YES;
				CLANG_WARN_CONSTANT_CONVERSION = YES;
				CLANG_WARN_DEPRECATED_OBJC_IMPLEMENTATIONS = YES;
				CLANG_WARN_DIRECT_OBJC_ISA_USAGE = YES_ERROR;
				CLANG_WARN_DOCUMENTATION_COMMENTS = YES;
				CLANG_WARN_EMPTY_BODY = YES;
				CLANG_WARN_ENUM_CONVERSION = YES;
				CLANG_WARN_INFINITE_RECURSION = YES;
				CLANG_WARN_INT_CONVERSION = YES;
				CLANG_WARN_NON_LITERAL_NULL_CONVERSION = YES;
				CLANG_WARN_OBJC_IMPLICIT_RETAIN_SELF = YES;
				CLANG_WARN_OBJC_LITERAL_CONVERSION = YES;
				CLANG_WARN_OBJC_ROOT_CLASS = YES_ERROR;
				CLANG_WARN_QUOTED_INCLUDE_IN_FRAMEWORK_HEADER = YES;
				CLANG_WARN_RANGE_LOOP_ANALYSIS = YES;
				CLANG_WARN_STRICT_PROTOTYPES = YES;
				CLANG_WARN_SUSPICIOUS_MOVE = YES;
				CLANG_WARN_UNGUARDED_AVAILABILITY = YES_AGGRESSIVE;
				CLANG_WARN_UNREACHABLE_CODE = YES;
				CLANG_WARN__DUPLICATE_METHOD_MATCH = YES;
				COPY_PHASE_STRIP = NO;
				DEBUG_INFORMATION_FORMAT = "dwarf-with-dsym";
				ENABLE_NS_ASSERTIONS = NO;
				ENABLE_STRICT_OBJC_MSGSEND = YES;
				GCC_C_LANGUAGE_STANDARD = gnu11;
				GCC_NO_COMMON_BLOCKS = YES;
				GCC_WARN_64_TO_32_BIT_CONVERSION = YES;
				GCC_WARN_ABOUT_RETURN_TYPE = YES_ERROR;
				GCC_WARN_UNDECLARED_SELECTOR = YES;
				GCC_WARN_UNINITIALIZED_AUTOS = YES_AGGRESSIVE;
				GCC_WARN_UNUSED_FUNCTION = YES;
				GCC_WARN_UNUSED_VARIABLE = YES;
				IPHONEOS_DEPLOYMENT_TARGET = 14.5;
				MTL_ENABLE_DEBUG_INFO = NO;
				MTL_FAST_MATH = YES;
				SDKROOT = iphoneos;
				SWIFT_COMPILATION_MODE = wholemodule;
				SWIFT_OPTIMIZATION_LEVEL = "-O";
				VALIDATE_PRODUCT = YES;
			};
			name = Release;
		};
		89F09C5726ACB385004B6F0D /* Debug */ = {
			isa = XCBuildConfiguration;
			buildSettings = {
				ASSETCATALOG_COMPILER_APPICON_NAME = AppIcon;
				ASSETCATALOG_COMPILER_GLOBAL_ACCENT_COLOR_NAME = AccentColor;
				CODE_SIGN_STYLE = Automatic;
				DEVELOPMENT_ASSET_PATHS = "\"ScrumDinger/Preview Content\"";
				DEVELOPMENT_TEAM = P5BAPBZ387;
				ENABLE_PREVIEWS = YES;
				INFOPLIST_FILE = ScrumDinger/Info.plist;
				IPHONEOS_DEPLOYMENT_TARGET = 14.0;
				LD_RUNPATH_SEARCH_PATHS = (
					"$(inherited)",
					"@executable_path/Frameworks",
				);
				PRODUCT_BUNDLE_IDENTIFIER = AlexRozh.ScrumDinger;
				PRODUCT_NAME = "$(TARGET_NAME)";
				SWIFT_VERSION = 5.0;
				TARGETED_DEVICE_FAMILY = "1,2";
			};
			name = Debug;
		};
		89F09C5826ACB385004B6F0D /* Release */ = {
			isa = XCBuildConfiguration;
			buildSettings = {
				ASSETCATALOG_COMPILER_APPICON_NAME = AppIcon;
				ASSETCATALOG_COMPILER_GLOBAL_ACCENT_COLOR_NAME = AccentColor;
				CODE_SIGN_STYLE = Automatic;
				DEVELOPMENT_ASSET_PATHS = "\"ScrumDinger/Preview Content\"";
				DEVELOPMENT_TEAM = P5BAPBZ387;
				ENABLE_PREVIEWS = YES;
				INFOPLIST_FILE = ScrumDinger/Info.plist;
				IPHONEOS_DEPLOYMENT_TARGET = 14.0;
				LD_RUNPATH_SEARCH_PATHS = (
					"$(inherited)",
					"@executable_path/Frameworks",
				);
				PRODUCT_BUNDLE_IDENTIFIER = AlexRozh.ScrumDinger;
				PRODUCT_NAME = "$(TARGET_NAME)";
				SWIFT_VERSION = 5.0;
				TARGETED_DEVICE_FAMILY = "1,2";
			};
			name = Release;
		};
/* End XCBuildConfiguration section */

/* Begin XCConfigurationList section */
		89F09C4226ACB383004B6F0D /* Build configuration list for PBXProject "ScrumDinger" */ = {
			isa = XCConfigurationList;
			buildConfigurations = (
				89F09C5426ACB385004B6F0D /* Debug */,
				89F09C5526ACB385004B6F0D /* Release */,
			);
			defaultConfigurationIsVisible = 0;
			defaultConfigurationName = Release;
		};
		89F09C5626ACB385004B6F0D /* Build configuration list for PBXNativeTarget "ScrumDinger" */ = {
			isa = XCConfigurationList;
			buildConfigurations = (
				89F09C5726ACB385004B6F0D /* Debug */,
				89F09C5826ACB385004B6F0D /* Release */,
			);
			defaultConfigurationIsVisible = 0;
			defaultConfigurationName = Release;
		};
/* End XCConfigurationList section */
	};
	rootObject = 89F09C3F26ACB383004B6F0D /* Project object */;
}
